{
  "nodes": {
    "flake-compat": {
      "locked": {
        "narHash": "sha256-kvjfFW7WAETZlt09AgDn1MrtKzP7t90Vf7vypd3OL1U=",
        "rev": "0f9255e01c2351cc7d116c072cb317785dd33b33",
        "revCount": 57,
        "type": "tarball",
        "url": "https://api.flakehub.com/f/pinned/edolstra/flake-compat/1.0.1/018afb31-abd1-7bff-a5e4-cff7e18efb7a/source.tar.gz"
      },
      "original": {
        "type": "tarball",
        "url": "https://flakehub.com/f/edolstra/flake-compat/1.tar.gz"
      }
    },
    "lef-parser": {
      "inputs": {
        "nixpkgs": [
          "nixpkgs"
        ]
      },
      "locked": {
        "dirtyRev": "42860d1b27256492b5f9accd9c2dbcce18b5ca89-dirty",
        "dirtyShortRev": "42860d1-dirty",
        "lastModified": 1711311495,
        "narHash": "sha256-LcCRr3mwObzr/aeTOMIS3kVje8wnRiZ3IQ3WPDcQZc8=",
        "type": "git",
        "url": "file:///Users/donn/efabless/lefdefparser"
      },
      "original": {
        "type": "git",
        "url": "file:///Users/donn/efabless/lefdefparser"
      }
    },
    "nixpkgs": {
      "locked": {
        "narHash": "sha256-C36QmoJd5tdQ5R9MC1jM7fBkZW9zBUqbUCsgwS6j4QU=",
        "owner": "nixos",
        "repo": "nixpkgs",
        "rev": "c1be43e8e837b8dbee2b3665a007e761680f0c3d",
        "type": "github"
      },
      "original": {
        "owner": "nixos",
        "ref": "nixos-23.11",
        "repo": "nixpkgs",
        "type": "github"
      }
    },
    "root": {
      "inputs": {
        "flake-compat": "flake-compat",
        "lef-parser": "lef-parser",
        "nixpkgs": "nixpkgs"
      }
    }
  },
  "root": "root",
  "version": 7
}
